
Microsoft Visual Studio Solution File, Format Version 12.00
# Visual Studio Version 17
VisualStudioVersion = 17.4.33110.190
MinimumVisualStudioVersion = 10.0.40219.1
Project("{FAE04EC0-301F-11D3-BF4B-00C04F79EFBC}") = "connectFour", "connectFour.csproj", "{FCFFFD91-FC2D-4356-9692-978C92E47D7D}"
EndProject
Global
	GlobalSection(SolutionConfigurationPlatforms) = preSolution
		Debug|Any CPU = Debug|Any CPU
		Release|Any CPU = Release|Any CPU
	EndGlobalSection
	GlobalSection(ProjectConfigurationPlatforms) = postSolution
		{FCFFFD91-FC2D-4356-9692-978C92E47D7D}.Debug|Any CPU.ActiveCfg = Debug|Any CPU
		{FCFFFD91-FC2D-4356-9692-978C92E47D7D}.Debug|Any CPU.Build.0 = Debug|Any CPU
		{FCFFFD91-FC2D-4356-9692-978C92E47D7D}.Release|Any CPU.ActiveCfg = Release|Any CPU
		{FCFFFD91-FC2D-4356-9692-978C92E47D7D}.Release|Any CPU.Build.0 = Release|Any CPU
	EndGlobalSection
	GlobalSection(SolutionProperties) = preSolution
		HideSolutionNode = FALSE
	EndGlobalSection
	GlobalSection(ExtensibilityGlobals) = postSolution
		SolutionGuid = {10BC0288-3390-4DC1-A562-49FE885752C9}
	EndGlobalSection
EndGlobal
